
Microsoft Visual Studio Solution File, Format Version 12.00
# Visual Studio Version 17
VisualStudioVersion = 17.7.34031.279
MinimumVisualStudioVersion = 10.0.40219.1
Project("{FAE04EC0-301F-11D3-BF4B-00C04F79EFBC}") = "HomeWork1120", "HomeWork1120\HomeWork1120.csproj", "{93EE92F4-27ED-48BA-B34A-991F09F05322}"
EndProject
Global
	GlobalSection(SolutionConfigurationPlatforms) = preSolution
		Debug|Any CPU = Debug|Any CPU
		Release|Any CPU = Release|Any CPU
	EndGlobalSection
	GlobalSection(ProjectConfigurationPlatforms) = postSolution
		{93EE92F4-27ED-48BA-B34A-991F09F05322}.Debug|Any CPU.ActiveCfg = Debug|Any CPU
		{93EE92F4-27ED-48BA-B34A-991F09F05322}.Debug|Any CPU.Build.0 = Debug|Any CPU
		{93EE92F4-27ED-48BA-B34A-991F09F05322}.Release|Any CPU.ActiveCfg = Release|Any CPU
		{93EE92F4-27ED-48BA-B34A-991F09F05322}.Release|Any CPU.Build.0 = Release|Any CPU
	EndGlobalSection
	GlobalSection(SolutionProperties) = preSolution
		HideSolutionNode = FALSE
	EndGlobalSection
	GlobalSection(ExtensibilityGlobals) = postSolution
		SolutionGuid = {DC83EB09-AE0E-4A32-B83D-A0C35BF6EF1D}
	EndGlobalSection
EndGlobal
